// !$*UTF8*$!
{
	archiveVersion = 1;
	classes = {
	};
	objectVersion = 50;
	objects = {

/* Begin PBXBuildFile section */
		614EDFBB25DA9105003B6209 /* AppDelegate.swift in Sources */ = {isa = PBXBuildFile; fileRef = 614EDFBA25DA9105003B6209 /* AppDelegate.swift */; };
		614EDFBD25DA9105003B6209 /* SceneDelegate.swift in Sources */ = {isa = PBXBuildFile; fileRef = 614EDFBC25DA9105003B6209 /* SceneDelegate.swift */; };
		614EDFBF25DA9105003B6209 /* LoginViewController.swift in Sources */ = {isa = PBXBuildFile; fileRef = 614EDFBE25DA9105003B6209 /* LoginViewController.swift */; };
		614EDFC225DA9105003B6209 /* Main.storyboard in Resources */ = {isa = PBXBuildFile; fileRef = 614EDFC025DA9105003B6209 /* Main.storyboard */; };
		614EDFC425DA9109003B6209 /* Assets.xcassets in Resources */ = {isa = PBXBuildFile; fileRef = 614EDFC325DA9108003B6209 /* Assets.xcassets */; };
		614EDFC725DA9109003B6209 /* LaunchScreen.storyboard in Resources */ = {isa = PBXBuildFile; fileRef = 614EDFC525DA9109003B6209 /* LaunchScreen.storyboard */; };
		618FD0EC25E58E4A00A37857 /* MainViewController.swift in Sources */ = {isa = PBXBuildFile; fileRef = 618FD0EB25E58E4A00A37857 /* MainViewController.swift */; };
		61D3EE5625E66F2F00C3B870 /* Friend.swift in Sources */ = {isa = PBXBuildFile; fileRef = 61D3EE5525E66F2F00C3B870 /* Friend.swift */; };
		61D3EE5925E66F6800C3B870 /* Group.swift in Sources */ = {isa = PBXBuildFile; fileRef = 61D3EE5825E66F6800C3B870 /* Group.swift */; };
		61D3EE5C25E6754D00C3B870 /* FriendCell.swift in Sources */ = {isa = PBXBuildFile; fileRef = 61D3EE5B25E6754D00C3B870 /* FriendCell.swift */; };
		61D3EE6025E675DF00C3B870 /* GroupCell.swift in Sources */ = {isa = PBXBuildFile; fileRef = 61D3EE5F25E675DF00C3B870 /* GroupCell.swift */; };
		61D3EE6325E68F5800C3B870 /* FriendTabViewController.swift in Sources */ = {isa = PBXBuildFile; fileRef = 61D3EE6225E68F5800C3B870 /* FriendTabViewController.swift */; };
		61D3EE6625E69AE900C3B870 /* GroupTabViewController.swift in Sources */ = {isa = PBXBuildFile; fileRef = 61D3EE6525E69AE900C3B870 /* GroupTabViewController.swift */; };
		61D4932925EAEB1400BC10BF /* FriendCollViewController.swift in Sources */ = {isa = PBXBuildFile; fileRef = 61D4932825EAEB1400BC10BF /* FriendCollViewController.swift */; };
		61D4932C25EAEE2C00BC10BF /* UserPic.swift in Sources */ = {isa = PBXBuildFile; fileRef = 61D4932B25EAEE2C00BC10BF /* UserPic.swift */; };
		61D4932F25EAF00B00BC10BF /* FriendInfoCell.swift in Sources */ = {isa = PBXBuildFile; fileRef = 61D4932E25EAF00B00BC10BF /* FriendInfoCell.swift */; };
		61D4933325EB01E300BC10BF /* AddGroupTableViewController.swift in Sources */ = {isa = PBXBuildFile; fileRef = 61D4933225EB01E300BC10BF /* AddGroupTableViewController.swift */; };
		61D4933625EB02F400BC10BF /* GroupOutCell.swift in Sources */ = {isa = PBXBuildFile; fileRef = 61D4933525EB02F400BC10BF /* GroupOutCell.swift */; };
		61D4933A25EB862800BC10BF /* GroupInfoCell.swift in Sources */ = {isa = PBXBuildFile; fileRef = 61D4933925EB862700BC10BF /* GroupInfoCell.swift */; };
		61D4933D25EB88BE00BC10BF /* GroupInfoViewController.swift in Sources */ = {isa = PBXBuildFile; fileRef = 61D4933C25EB88BE00BC10BF /* GroupInfoViewController.swift */; };
		61D4934525EB8DB200BC10BF /* GroupPic.swift in Sources */ = {isa = PBXBuildFile; fileRef = 61D4934425EB8DB200BC10BF /* GroupPic.swift */; };
/* End PBXBuildFile section */

/* Begin PBXFileReference section */
		614EDFB725DA9105003B6209 /* VKApp.app */ = {isa = PBXFileReference; explicitFileType = wrapper.application; includeInIndex = 0; path = VKApp.app; sourceTree = BUILT_PRODUCTS_DIR; };
		614EDFBA25DA9105003B6209 /* AppDelegate.swift */ = {isa = PBXFileReference; lastKnownFileType = sourcecode.swift; path = AppDelegate.swift; sourceTree = "<group>"; };
		614EDFBC25DA9105003B6209 /* SceneDelegate.swift */ = {isa = PBXFileReference; lastKnownFileType = sourcecode.swift; path = SceneDelegate.swift; sourceTree = "<group>"; };
		614EDFBE25DA9105003B6209 /* LoginViewController.swift */ = {isa = PBXFileReference; lastKnownFileType = sourcecode.swift; path = LoginViewController.swift; sourceTree = "<group>"; };
		614EDFC125DA9105003B6209 /* Base */ = {isa = PBXFileReference; lastKnownFileType = file.storyboard; name = Base; path = Base.lproj/Main.storyboard; sourceTree = "<group>"; };
		614EDFC325DA9108003B6209 /* Assets.xcassets */ = {isa = PBXFileReference; lastKnownFileType = folder.assetcatalog; path = Assets.xcassets; sourceTree = "<group>"; };
		614EDFC625DA9109003B6209 /* Base */ = {isa = PBXFileReference; lastKnownFileType = file.storyboard; name = Base; path = Base.lproj/LaunchScreen.storyboard; sourceTree = "<group>"; };
		614EDFC825DA9109003B6209 /* Info.plist */ = {isa = PBXFileReference; lastKnownFileType = text.plist.xml; path = Info.plist; sourceTree = "<group>"; };
		618FD0EB25E58E4A00A37857 /* MainViewController.swift */ = {isa = PBXFileReference; lastKnownFileType = sourcecode.swift; path = MainViewController.swift; sourceTree = "<group>"; };
		61D3EE5525E66F2F00C3B870 /* Friend.swift */ = {isa = PBXFileReference; lastKnownFileType = sourcecode.swift; path = Friend.swift; sourceTree = "<group>"; };
		61D3EE5825E66F6800C3B870 /* Group.swift */ = {isa = PBXFileReference; lastKnownFileType = sourcecode.swift; path = Group.swift; sourceTree = "<group>"; };
		61D3EE5B25E6754D00C3B870 /* FriendCell.swift */ = {isa = PBXFileReference; lastKnownFileType = sourcecode.swift; path = FriendCell.swift; sourceTree = "<group>"; };
		61D3EE5F25E675DF00C3B870 /* GroupCell.swift */ = {isa = PBXFileReference; lastKnownFileType = sourcecode.swift; path = GroupCell.swift; sourceTree = "<group>"; };
		61D3EE6225E68F5800C3B870 /* FriendTabViewController.swift */ = {isa = PBXFileReference; lastKnownFileType = sourcecode.swift; path = FriendTabViewController.swift; sourceTree = "<group>"; };
		61D3EE6525E69AE900C3B870 /* GroupTabViewController.swift */ = {isa = PBXFileReference; lastKnownFileType = sourcecode.swift; path = GroupTabViewController.swift; sourceTree = "<group>"; };
		61D4932825EAEB1400BC10BF /* FriendCollViewController.swift */ = {isa = PBXFileReference; lastKnownFileType = sourcecode.swift; path = FriendCollViewController.swift; sourceTree = "<group>"; };
		61D4932B25EAEE2C00BC10BF /* UserPic.swift */ = {isa = PBXFileReference; lastKnownFileType = sourcecode.swift; path = UserPic.swift; sourceTree = "<group>"; };
		61D4932E25EAF00B00BC10BF /* FriendInfoCell.swift */ = {isa = PBXFileReference; lastKnownFileType = sourcecode.swift; path = FriendInfoCell.swift; sourceTree = "<group>"; };
		61D4933225EB01E300BC10BF /* AddGroupTableViewController.swift */ = {isa = PBXFileReference; lastKnownFileType = sourcecode.swift; path = AddGroupTableViewController.swift; sourceTree = "<group>"; };
		61D4933525EB02F400BC10BF /* GroupOutCell.swift */ = {isa = PBXFileReference; lastKnownFileType = sourcecode.swift; path = GroupOutCell.swift; sourceTree = "<group>"; };
		61D4933925EB862700BC10BF /* GroupInfoCell.swift */ = {isa = PBXFileReference; lastKnownFileType = sourcecode.swift; path = GroupInfoCell.swift; sourceTree = "<group>"; };
		61D4933C25EB88BE00BC10BF /* GroupInfoViewController.swift */ = {isa = PBXFileReference; lastKnownFileType = sourcecode.swift; path = GroupInfoViewController.swift; sourceTree = "<group>"; };
		61D4934425EB8DB200BC10BF /* GroupPic.swift */ = {isa = PBXFileReference; lastKnownFileType = sourcecode.swift; path = GroupPic.swift; sourceTree = "<group>"; };
/* End PBXFileReference section */

/* Begin PBXFrameworksBuildPhase section */
		614EDFB425DA9105003B6209 /* Frameworks */ = {
			isa = PBXFrameworksBuildPhase;
			buildActionMask = 2147483647;
			files = (
			);
			runOnlyForDeploymentPostprocessing = 0;
		};
/* End PBXFrameworksBuildPhase section */

/* Begin PBXGroup section */
		614EDFAE25DA9105003B6209 = {
			isa = PBXGroup;
			children = (
				614EDFB925DA9105003B6209 /* VKApp */,
				614EDFB825DA9105003B6209 /* Products */,
			);
			sourceTree = "<group>";
		};
		614EDFB825DA9105003B6209 /* Products */ = {
			isa = PBXGroup;
			children = (
				614EDFB725DA9105003B6209 /* VKApp.app */,
			);
			name = Products;
			sourceTree = "<group>";
		};
		614EDFB925DA9105003B6209 /* VKApp */ = {
			isa = PBXGroup;
			children = (
				614EDFBA25DA9105003B6209 /* AppDelegate.swift */,
				614EDFBC25DA9105003B6209 /* SceneDelegate.swift */,
				614EDFBE25DA9105003B6209 /* LoginViewController.swift */,
				614EDFC025DA9105003B6209 /* Main.storyboard */,
				61D3EE4F25E66E9B00C3B870 /* MainScreen */,
				614EDFC325DA9108003B6209 /* Assets.xcassets */,
				614EDFC525DA9109003B6209 /* LaunchScreen.storyboard */,
				614EDFC825DA9109003B6209 /* Info.plist */,
			);
			path = VKApp;
			sourceTree = "<group>";
		};
		61D3EE4F25E66E9B00C3B870 /* MainScreen */ = {
			isa = PBXGroup;
			children = (
				618FD0EB25E58E4A00A37857 /* MainViewController.swift */,
				61D3EE6225E68F5800C3B870 /* FriendTabViewController.swift */,
				61D3EE6525E69AE900C3B870 /* GroupTabViewController.swift */,
				61D3EE5B25E6754D00C3B870 /* FriendCell.swift */,
				61D3EE5F25E675DF00C3B870 /* GroupCell.swift */,
				61D3EE6825E6A19200C3B870 /* Model */,
				61D4934225EB8B2200BC10BF /* FriendScreen */,
				61D4934025EB8AB900BC10BF /* AddGroupScreen */,
				61D4934125EB8AFB00BC10BF /* GroupScreen */,
			);
			path = MainScreen;
			sourceTree = "<group>";
		};
		61D3EE6825E6A19200C3B870 /* Model */ = {
			isa = PBXGroup;
			children = (
				61D3EE5525E66F2F00C3B870 /* Friend.swift */,
				61D3EE5825E66F6800C3B870 /* Group.swift */,
			);
			path = Model;
			sourceTree = "<group>";
		};
		61D4934025EB8AB900BC10BF /* AddGroupScreen */ = {
			isa = PBXGroup;
			children = (
				61D4933525EB02F400BC10BF /* GroupOutCell.swift */,
				61D4933225EB01E300BC10BF /* AddGroupTableViewController.swift */,
			);
			path = AddGroupScreen;
			sourceTree = "<group>";
		};
		61D4934125EB8AFB00BC10BF /* GroupScreen */ = {
			isa = PBXGroup;
			children = (
				61D4934425EB8DB200BC10BF /* GroupPic.swift */,
				61D4933925EB862700BC10BF /* GroupInfoCell.swift */,
				61D4933C25EB88BE00BC10BF /* GroupInfoViewController.swift */,
			);
			path = GroupScreen;
			sourceTree = "<group>";
		};
		61D4934225EB8B2200BC10BF /* FriendScreen */ = {
			isa = PBXGroup;
			children = (
				61D4932B25EAEE2C00BC10BF /* UserPic.swift */,
				61D4932E25EAF00B00BC10BF /* FriendInfoCell.swift */,
				61D4932825EAEB1400BC10BF /* FriendCollViewController.swift */,
			);
			path = FriendScreen;
			sourceTree = "<group>";
		};
/* End PBXGroup section */

/* Begin PBXNativeTarget section */
		614EDFB625DA9105003B6209 /* VKApp */ = {
			isa = PBXNativeTarget;
			buildConfigurationList = 614EDFCB25DA9109003B6209 /* Build configuration list for PBXNativeTarget "VKApp" */;
			buildPhases = (
				614EDFB325DA9105003B6209 /* Sources */,
				614EDFB425DA9105003B6209 /* Frameworks */,
				614EDFB525DA9105003B6209 /* Resources */,
			);
			buildRules = (
			);
			dependencies = (
			);
			name = VKApp;
			productName = VKApp;
			productReference = 614EDFB725DA9105003B6209 /* VKApp.app */;
			productType = "com.apple.product-type.application";
		};
/* End PBXNativeTarget section */

/* Begin PBXProject section */
		614EDFAF25DA9105003B6209 /* Project object */ = {
			isa = PBXProject;
			attributes = {
				LastSwiftUpdateCheck = 1230;
				LastUpgradeCheck = 1230;
				TargetAttributes = {
					614EDFB625DA9105003B6209 = {
						CreatedOnToolsVersion = 12.3;
					};
				};
			};
			buildConfigurationList = 614EDFB225DA9105003B6209 /* Build configuration list for PBXProject "VKApp" */;
			compatibilityVersion = "Xcode 9.3";
			developmentRegion = en;
			hasScannedForEncodings = 0;
			knownRegions = (
				en,
				Base,
			);
			mainGroup = 614EDFAE25DA9105003B6209;
			productRefGroup = 614EDFB825DA9105003B6209 /* Products */;
			projectDirPath = "";
			projectRoot = "";
			targets = (
				614EDFB625DA9105003B6209 /* VKApp */,
			);
		};
/* End PBXProject section */

/* Begin PBXResourcesBuildPhase section */
		614EDFB525DA9105003B6209 /* Resources */ = {
			isa = PBXResourcesBuildPhase;
			buildActionMask = 2147483647;
			files = (
				614EDFC725DA9109003B6209 /* LaunchScreen.storyboard in Resources */,
				614EDFC425DA9109003B6209 /* Assets.xcassets in Resources */,
				614EDFC225DA9105003B6209 /* Main.storyboard in Resources */,
			);
			runOnlyForDeploymentPostprocessing = 0;
		};
/* End PBXResourcesBuildPhase section */

/* Begin PBXSourcesBuildPhase section */
		614EDFB325DA9105003B6209 /* Sources */ = {
			isa = PBXSourcesBuildPhase;
			buildActionMask = 2147483647;
			files = (
				61D4933D25EB88BE00BC10BF /* GroupInfoViewController.swift in Sources */,
				61D3EE6625E69AE900C3B870 /* GroupTabViewController.swift in Sources */,
				61D4933325EB01E300BC10BF /* AddGroupTableViewController.swift in Sources */,
				614EDFBF25DA9105003B6209 /* LoginViewController.swift in Sources */,
				614EDFBB25DA9105003B6209 /* AppDelegate.swift in Sources */,
				61D3EE5C25E6754D00C3B870 /* FriendCell.swift in Sources */,
				614EDFBD25DA9105003B6209 /* SceneDelegate.swift in Sources */,
				61D4933625EB02F400BC10BF /* GroupOutCell.swift in Sources */,
				61D4933A25EB862800BC10BF /* GroupInfoCell.swift in Sources */,
				61D4932925EAEB1400BC10BF /* FriendCollViewController.swift in Sources */,
				61D4934525EB8DB200BC10BF /* GroupPic.swift in Sources */,
				61D3EE5925E66F6800C3B870 /* Group.swift in Sources */,
				61D4932F25EAF00B00BC10BF /* FriendInfoCell.swift in Sources */,
				61D4932C25EAEE2C00BC10BF /* UserPic.swift in Sources */,
				61D3EE6325E68F5800C3B870 /* FriendTabViewController.swift in Sources */,
				61D3EE5625E66F2F00C3B870 /* Friend.swift in Sources */,
				618FD0EC25E58E4A00A37857 /* MainViewController.swift in Sources */,
				61D3EE6025E675DF00C3B870 /* GroupCell.swift in Sources */,
			);
			runOnlyForDeploymentPostprocessing = 0;
		};
/* End PBXSourcesBuildPhase section */

/* Begin PBXVariantGroup section */
		614EDFC025DA9105003B6209 /* Main.storyboard */ = {
			isa = PBXVariantGroup;
			children = (
				614EDFC125DA9105003B6209 /* Base */,
			);
			name = Main.storyboard;
			sourceTree = "<group>";
		};
		614EDFC525DA9109003B6209 /* LaunchScreen.storyboard */ = {
			isa = PBXVariantGroup;
			children = (
				614EDFC625DA9109003B6209 /* Base */,
			);
			name = LaunchScreen.storyboard;
			sourceTree = "<group>";
		};
/* End PBXVariantGroup section */

/* Begin XCBuildConfiguration section */
		614EDFC925DA9109003B6209 /* Debug */ = {
			isa = XCBuildConfiguration;
			buildSettings = {
				ALWAYS_SEARCH_USER_PATHS = NO;
				CLANG_ANALYZER_NONNULL = YES;
				CLANG_ANALYZER_NUMBER_OBJECT_CONVERSION = YES_AGGRESSIVE;
				CLANG_CXX_LANGUAGE_STANDARD = "gnu++14";
				CLANG_CXX_LIBRARY = "libc++";
				CLANG_ENABLE_MODULES = YES;
				CLANG_ENABLE_OBJC_ARC = YES;
				CLANG_ENABLE_OBJC_WEAK = YES;
				CLANG_WARN_BLOCK_CAPTURE_AUTORELEASING = YES;
				CLANG_WARN_BOOL_CONVERSION = YES;
				CLANG_WARN_COMMA = YES;
				CLANG_WARN_CONSTANT_CONVERSION = YES;
				CLANG_WARN_DEPRECATED_OBJC_IMPLEMENTATIONS = YES;
				CLANG_WARN_DIRECT_OBJC_ISA_USAGE = YES_ERROR;
				CLANG_WARN_DOCUMENTATION_COMMENTS = YES;
				CLANG_WARN_EMPTY_BODY = YES;
				CLANG_WARN_ENUM_CONVERSION = YES;
				CLANG_WARN_INFINITE_RECURSION = YES;
				CLANG_WARN_INT_CONVERSION = YES;
				CLANG_WARN_NON_LITERAL_NULL_CONVERSION = YES;
				CLANG_WARN_OBJC_IMPLICIT_RETAIN_SELF = YES;
				CLANG_WARN_OBJC_LITERAL_CONVERSION = YES;
				CLANG_WARN_OBJC_ROOT_CLASS = YES_ERROR;
				CLANG_WARN_QUOTED_INCLUDE_IN_FRAMEWORK_HEADER = YES;
				CLANG_WARN_RANGE_LOOP_ANALYSIS = YES;
				CLANG_WARN_STRICT_PROTOTYPES = YES;
				CLANG_WARN_SUSPICIOUS_MOVE = YES;
				CLANG_WARN_UNGUARDED_AVAILABILITY = YES_AGGRESSIVE;
				CLANG_WARN_UNREACHABLE_CODE = YES;
				CLANG_WARN__DUPLICATE_METHOD_MATCH = YES;
				COPY_PHASE_STRIP = NO;
				DEBUG_INFORMATION_FORMAT = dwarf;
				ENABLE_STRICT_OBJC_MSGSEND = YES;
				ENABLE_TESTABILITY = YES;
				GCC_C_LANGUAGE_STANDARD = gnu11;
				GCC_DYNAMIC_NO_PIC = NO;
				GCC_NO_COMMON_BLOCKS = YES;
				GCC_OPTIMIZATION_LEVEL = 0;
				GCC_PREPROCESSOR_DEFINITIONS = (
					"DEBUG=1",
					"$(inherited)",
				);
				GCC_WARN_64_TO_32_BIT_CONVERSION = YES;
				GCC_WARN_ABOUT_RETURN_TYPE = YES_ERROR;
				GCC_WARN_UNDECLARED_SELECTOR = YES;
				GCC_WARN_UNINITIALIZED_AUTOS = YES_AGGRESSIVE;
				GCC_WARN_UNUSED_FUNCTION = YES;
				GCC_WARN_UNUSED_VARIABLE = YES;
				IPHONEOS_DEPLOYMENT_TARGET = 14.3;
				MTL_ENABLE_DEBUG_INFO = INCLUDE_SOURCE;
				MTL_FAST_MATH = YES;
				ONLY_ACTIVE_ARCH = YES;
				SDKROOT = iphoneos;
				SWIFT_ACTIVE_COMPILATION_CONDITIONS = DEBUG;
				SWIFT_OPTIMIZATION_LEVEL = "-Onone";
			};
			name = Debug;
		};
		614EDFCA25DA9109003B6209 /* Release */ = {
			isa = XCBuildConfiguration;
			buildSettings = {
				ALWAYS_SEARCH_USER_PATHS = NO;
				CLANG_ANALYZER_NONNULL = YES;
				CLANG_ANALYZER_NUMBER_OBJECT_CONVERSION = YES_AGGRESSIVE;
				CLANG_CXX_LANGUAGE_STANDARD = "gnu++14";
				CLANG_CXX_LIBRARY = "libc++";
				CLANG_ENABLE_MODULES = YES;
				CLANG_ENABLE_OBJC_ARC = YES;
				CLANG_ENABLE_OBJC_WEAK = YES;
				CLANG_WARN_BLOCK_CAPTURE_AUTORELEASING = YES;
				CLANG_WARN_BOOL_CONVERSION = YES;
				CLANG_WARN_COMMA = YES;
				CLANG_WARN_CONSTANT_CONVERSION = YES;
				CLANG_WARN_DEPRECATED_OBJC_IMPLEMENTATIONS = YES;
				CLANG_WARN_DIRECT_OBJC_ISA_USAGE = YES_ERROR;
				CLANG_WARN_DOCUMENTATION_COMMENTS = YES;
				CLANG_WARN_EMPTY_BODY = YES;
				CLANG_WARN_ENUM_CONVERSION = YES;
				CLANG_WARN_INFINITE_RECURSION = YES;
				CLANG_WARN_INT_CONVERSION = YES;
				CLANG_WARN_NON_LITERAL_NULL_CONVERSION = YES;
				CLANG_WARN_OBJC_IMPLICIT_RETAIN_SELF = YES;
				CLANG_WARN_OBJC_LITERAL_CONVERSION = YES;
				CLANG_WARN_OBJC_ROOT_CLASS = YES_ERROR;
				CLANG_WARN_QUOTED_INCLUDE_IN_FRAMEWORK_HEADER = YES;
				CLANG_WARN_RANGE_LOOP_ANALYSIS = YES;
				CLANG_WARN_STRICT_PROTOTYPES = YES;
				CLANG_WARN_SUSPICIOUS_MOVE = YES;
				CLANG_WARN_UNGUARDED_AVAILABILITY = YES_AGGRESSIVE;
				CLANG_WARN_UNREACHABLE_CODE = YES;
				CLANG_WARN__DUPLICATE_METHOD_MATCH = YES;
				COPY_PHASE_STRIP = NO;
				DEBUG_INFORMATION_FORMAT = "dwarf-with-dsym";
				ENABLE_NS_ASSERTIONS = NO;
				ENABLE_STRICT_OBJC_MSGSEND = YES;
				GCC_C_LANGUAGE_STANDARD = gnu11;
				GCC_NO_COMMON_BLOCKS = YES;
				GCC_WARN_64_TO_32_BIT_CONVERSION = YES;
				GCC_WARN_ABOUT_RETURN_TYPE = YES_ERROR;
				GCC_WARN_UNDECLARED_SELECTOR = YES;
				GCC_WARN_UNINITIALIZED_AUTOS = YES_AGGRESSIVE;
				GCC_WARN_UNUSED_FUNCTION = YES;
				GCC_WARN_UNUSED_VARIABLE = YES;
				IPHONEOS_DEPLOYMENT_TARGET = 14.3;
				MTL_ENABLE_DEBUG_INFO = NO;
				MTL_FAST_MATH = YES;
				SDKROOT = iphoneos;
				SWIFT_COMPILATION_MODE = wholemodule;
				SWIFT_OPTIMIZATION_LEVEL = "-O";
				VALIDATE_PRODUCT = YES;
			};
			name = Release;
		};
		614EDFCC25DA9109003B6209 /* Debug */ = {
			isa = XCBuildConfiguration;
			buildSettings = {
				ASSETCATALOG_COMPILER_APPICON_NAME = AppIcon;
				ASSETCATALOG_COMPILER_GLOBAL_ACCENT_COLOR_NAME = AccentColor;
				CODE_SIGN_STYLE = Automatic;
				INFOPLIST_FILE = VKApp/Info.plist;
				LD_RUNPATH_SEARCH_PATHS = (
					"$(inherited)",
					"@executable_path/Frameworks",
				);
				PRODUCT_BUNDLE_IDENTIFIER = VKA.VKApp;
				PRODUCT_NAME = "$(TARGET_NAME)";
				SWIFT_VERSION = 5.0;
				TARGETED_DEVICE_FAMILY = "1,2";
			};
			name = Debug;
		};
		614EDFCD25DA9109003B6209 /* Release */ = {
			isa = XCBuildConfiguration;
			buildSettings = {
				ASSETCATALOG_COMPILER_APPICON_NAME = AppIcon;
				ASSETCATALOG_COMPILER_GLOBAL_ACCENT_COLOR_NAME = AccentColor;
				CODE_SIGN_STYLE = Automatic;
				INFOPLIST_FILE = VKApp/Info.plist;
				LD_RUNPATH_SEARCH_PATHS = (
					"$(inherited)",
					"@executable_path/Frameworks",
				);
				PRODUCT_BUNDLE_IDENTIFIER = VKA.VKApp;
				PRODUCT_NAME = "$(TARGET_NAME)";
				SWIFT_VERSION = 5.0;
				TARGETED_DEVICE_FAMILY = "1,2";
			};
			name = Release;
		};
/* End XCBuildConfiguration section */

/* Begin XCConfigurationList section */
		614EDFB225DA9105003B6209 /* Build configuration list for PBXProject "VKApp" */ = {
			isa = XCConfigurationList;
			buildConfigurations = (
				614EDFC925DA9109003B6209 /* Debug */,
				614EDFCA25DA9109003B6209 /* Release */,
			);
			defaultConfigurationIsVisible = 0;
			defaultConfigurationName = Release;
		};
		614EDFCB25DA9109003B6209 /* Build configuration list for PBXNativeTarget "VKApp" */ = {
			isa = XCConfigurationList;
			buildConfigurations = (
				614EDFCC25DA9109003B6209 /* Debug */,
				614EDFCD25DA9109003B6209 /* Release */,
			);
			defaultConfigurationIsVisible = 0;
			defaultConfigurationName = Release;
		};
/* End XCConfigurationList section */
	};
	rootObject = 614EDFAF25DA9105003B6209 /* Project object */;
}
